
Microsoft Visual Studio Solution File, Format Version 12.00
# Visual Studio 15
VisualStudioVersion = 15.0.28307.168
MinimumVisualStudioVersion = 10.0.40219.1
Project("{FAE04EC0-301F-11D3-BF4B-00C04F79EFBC}") = "ParsingExamples", "ParsingExamples\ParsingExamples.csproj", "{0A107CC3-6A2A-4A3B-8E79-3F77CE6A5CAE}"
EndProject
Global
	GlobalSection(SolutionConfigurationPlatforms) = preSolution
		Debug|Any CPU = Debug|Any CPU
		Release|Any CPU = Release|Any CPU
	EndGlobalSection
	GlobalSection(ProjectConfigurationPlatforms) = postSolution
		{0A107CC3-6A2A-4A3B-8E79-3F77CE6A5CAE}.Debug|Any CPU.ActiveCfg = Debug|Any CPU
		{0A107CC3-6A2A-4A3B-8E79-3F77CE6A5CAE}.Debug|Any CPU.Build.0 = Debug|Any CPU
		{0A107CC3-6A2A-4A3B-8E79-3F77CE6A5CAE}.Release|Any CPU.ActiveCfg = Release|Any CPU
		{0A107CC3-6A2A-4A3B-8E79-3F77CE6A5CAE}.Release|Any CPU.Build.0 = Release|Any CPU
	EndGlobalSection
	GlobalSection(SolutionProperties) = preSolution
		HideSolutionNode = FALSE
	EndGlobalSection
	GlobalSection(ExtensibilityGlobals) = postSolution
		SolutionGuid = {7E640AEA-1B40-466B-89AB-A7BC2DD6B574}
	EndGlobalSection
EndGlobal
